
Microsoft Visual Studio Solution File, Format Version 12.00
# Visual Studio Version 16
VisualStudioVersion = 16.0.32413.511
MinimumVisualStudioVersion = 10.0.40219.1
Project("{FAE04EC0-301F-11D3-BF4B-00C04F79EFBC}") = "MyFirstWebApi", "MyFirstWebApi.csproj", "{1C6470F4-4B69-49B5-8AC8-5E30507CCCB5}"
EndProject
Global
	GlobalSection(SolutionConfigurationPlatforms) = preSolution
		Debug|Any CPU = Debug|Any CPU
		Release|Any CPU = Release|Any CPU
	EndGlobalSection
	GlobalSection(ProjectConfigurationPlatforms) = postSolution
		{1C6470F4-4B69-49B5-8AC8-5E30507CCCB5}.Debug|Any CPU.ActiveCfg = Debug|Any CPU
		{1C6470F4-4B69-49B5-8AC8-5E30507CCCB5}.Debug|Any CPU.Build.0 = Debug|Any CPU
		{1C6470F4-4B69-49B5-8AC8-5E30507CCCB5}.Release|Any CPU.ActiveCfg = Release|Any CPU
		{1C6470F4-4B69-49B5-8AC8-5E30507CCCB5}.Release|Any CPU.Build.0 = Release|Any CPU
	EndGlobalSection
	GlobalSection(SolutionProperties) = preSolution
		HideSolutionNode = FALSE
	EndGlobalSection
	GlobalSection(ExtensibilityGlobals) = postSolution
		SolutionGuid = {EEB9FD1E-273B-4538-A975-6059E08340F3}
	EndGlobalSection
EndGlobal
